
Microsoft Visual Studio Solution File, Format Version 12.00
# Visual Studio Version 17
VisualStudioVersion = 17.9.34622.214
MinimumVisualStudioVersion = 10.0.40219.1
Project("{8BC9CEB8-8B4A-11D0-8D11-00A0C91BC942}") = "Chap02_Array", "Chap02_Array\Chap02_Array.vcxproj", "{29F5C234-80E0-4056-B8DF-C64554D2A9B7}"
EndProject
Project("{8BC9CEB8-8B4A-11D0-8D11-00A0C91BC942}") = "Chap02_Class_Example", "Chap02_Class_Example\Chap02_Class_Example.vcxproj", "{A452C943-1733-4662-B0A8-B7A30E4A8D29}"
EndProject
Global
	GlobalSection(SolutionConfigurationPlatforms) = preSolution
		Debug|x64 = Debug|x64
		Debug|x86 = Debug|x86
		Release|x64 = Release|x64
		Release|x86 = Release|x86
	EndGlobalSection
	GlobalSection(ProjectConfigurationPlatforms) = postSolution
		{29F5C234-80E0-4056-B8DF-C64554D2A9B7}.Debug|x64.ActiveCfg = Debug|x64
		{29F5C234-80E0-4056-B8DF-C64554D2A9B7}.Debug|x64.Build.0 = Debug|x64
		{29F5C234-80E0-4056-B8DF-C64554D2A9B7}.Debug|x86.ActiveCfg = Debug|Win32
		{29F5C234-80E0-4056-B8DF-C64554D2A9B7}.Debug|x86.Build.0 = Debug|Win32
		{29F5C234-80E0-4056-B8DF-C64554D2A9B7}.Release|x64.ActiveCfg = Release|x64
		{29F5C234-80E0-4056-B8DF-C64554D2A9B7}.Release|x64.Build.0 = Release|x64
		{29F5C234-80E0-4056-B8DF-C64554D2A9B7}.Release|x86.ActiveCfg = Release|Win32
		{29F5C234-80E0-4056-B8DF-C64554D2A9B7}.Release|x86.Build.0 = Release|Win32
		{A452C943-1733-4662-B0A8-B7A30E4A8D29}.Debug|x64.ActiveCfg = Debug|x64
		{A452C943-1733-4662-B0A8-B7A30E4A8D29}.Debug|x64.Build.0 = Debug|x64
		{A452C943-1733-4662-B0A8-B7A30E4A8D29}.Debug|x86.ActiveCfg = Debug|Win32
		{A452C943-1733-4662-B0A8-B7A30E4A8D29}.Debug|x86.Build.0 = Debug|Win32
		{A452C943-1733-4662-B0A8-B7A30E4A8D29}.Release|x64.ActiveCfg = Release|x64
		{A452C943-1733-4662-B0A8-B7A30E4A8D29}.Release|x64.Build.0 = Release|x64
		{A452C943-1733-4662-B0A8-B7A30E4A8D29}.Release|x86.ActiveCfg = Release|Win32
		{A452C943-1733-4662-B0A8-B7A30E4A8D29}.Release|x86.Build.0 = Release|Win32
	EndGlobalSection
	GlobalSection(SolutionProperties) = preSolution
		HideSolutionNode = FALSE
	EndGlobalSection
	GlobalSection(ExtensibilityGlobals) = postSolution
		SolutionGuid = {59DF61A4-7C05-4143-8136-063C3281021D}
	EndGlobalSection
EndGlobal
